%{"plug": {:hex, :plug, "1.1.6", "8927e4028433fcb859e000b9389ee9c37c80eb28378eeeea31b0273350bf668b", [:mix], [{:cowboy, "~> 1.0", [hex: :cowboy, optional: true]}]},
  "ueberauth": {:hex, :ueberauth, "0.2.0", "9160c601b468c6692462a56be7ad8890d1a2d84519d7d9c4541da5b07d6495e1", [:mix], [{:plug, "~> 1.0", [hex: :plug, optional: false]}]}}
